
Microsoft Visual Studio Solution File, Format Version 12.00
# Visual Studio Version 17
VisualStudioVersion = 17.0.31903.59
MinimumVisualStudioVersion = 10.0.40219.1
Project("{2150E333-8FDC-42A3-9474-1A3956D46DE8}") = "src", "src", "{827E0CD3-B72D-47B6-A68D-7590B98EB39B}"
EndProject
Project("{2150E333-8FDC-42A3-9474-1A3956D46DE8}") = "Modules", "Modules", "{EC447DCF-ABFA-6E24-52A5-D7FD48A5C558}"
EndProject
Project("{2150E333-8FDC-42A3-9474-1A3956D46DE8}") = "AI", "AI", "{BB1D8860-8311-E62E-D03C-503AF4A8C141}"
EndProject
Project("{FAE04EC0-301F-11D3-BF4B-00C04F79EFBC}") = "AI.Application", "src\Modules\AI\AI.Application\AI.Application.csproj", "{B399985E-F53F-418A-B51E-02E3C4854865}"
EndProject
Project("{FAE04EC0-301F-11D3-BF4B-00C04F79EFBC}") = "AI.Domain", "src\Modules\AI\AI.Domain\AI.Domain.csproj", "{58E4ADD4-4918-4497-ADB1-42A6FE4ABA38}"
EndProject
Project("{FAE04EC0-301F-11D3-BF4B-00C04F79EFBC}") = "AI.Infrastructure", "src\Modules\AI\AI.Infrastructure\AI.Infrastructure.csproj", "{F3936D63-3128-4905-AFB8-A0CEB2FAB573}"
EndProject
Project("{2150E333-8FDC-42A3-9474-1A3956D46DE8}") = "Analytics", "Analytics", "{DA0A0FAD-B77D-FDD6-35C5-001386650F99}"
EndProject
Project("{FAE04EC0-301F-11D3-BF4B-00C04F79EFBC}") = "Analytics.Application", "src\Modules\Analytics\Analytics.Application\Analytics.Application.csproj", "{C8ACE04D-B826-488C-93AF-1662EABE5214}"
EndProject
Project("{FAE04EC0-301F-11D3-BF4B-00C04F79EFBC}") = "Analytics.Domain", "src\Modules\Analytics\Analytics.Domain\Analytics.Domain.csproj", "{C21F157A-7BC2-48D7-906C-67CE77FD60E3}"
EndProject
Project("{FAE04EC0-301F-11D3-BF4B-00C04F79EFBC}") = "Analytics.Infrastructure", "src\Modules\Analytics\Analytics.Infrastructure\Analytics.Infrastructure.csproj", "{8953F003-DDC1-406C-BC25-EC8F488F96B6}"
EndProject
Project("{2150E333-8FDC-42A3-9474-1A3956D46DE8}") = "Candidate", "Candidate", "{184D93D6-32FC-13ED-3F14-6B8C6B0C723B}"
EndProject
Project("{FAE04EC0-301F-11D3-BF4B-00C04F79EFBC}") = "Candidate.Application", "src\Modules\Candidate\Candidate.Application\Candidate.Application.csproj", "{DE646271-EC1D-4027-9154-E01AA9C09829}"
EndProject
Project("{FAE04EC0-301F-11D3-BF4B-00C04F79EFBC}") = "Candidate.Domain", "src\Modules\Candidate\Candidate.Domain\Candidate.Domain.csproj", "{B82AD3C8-D2DC-4A9F-BF4A-38C9314EB8D3}"
EndProject
Project("{FAE04EC0-301F-11D3-BF4B-00C04F79EFBC}") = "Candidate.Infrastructure", "src\Modules\Candidate\Candidate.Infrastructure\Candidate.Infrastructure.csproj", "{F01420EE-A318-4077-9275-2883ACD20F91}"
EndProject
Project("{2150E333-8FDC-42A3-9474-1A3956D46DE8}") = "Identity", "Identity", "{0EC62A1A-9858-3A60-8A0C-FC9AACFA2EC7}"
EndProject
Project("{FAE04EC0-301F-11D3-BF4B-00C04F79EFBC}") = "Identity.Application", "src\Modules\Identity\Identity.Application\Identity.Application.csproj", "{6C9F2BAC-F8A8-4717-8063-2CC3ACCF7C15}"
EndProject
Project("{FAE04EC0-301F-11D3-BF4B-00C04F79EFBC}") = "Identity.Domain", "src\Modules\Identity\Identity.Domain\Identity.Domain.csproj", "{097217E9-14DB-4562-A998-4B03972F5FD1}"
EndProject
Project("{FAE04EC0-301F-11D3-BF4B-00C04F79EFBC}") = "Identity.Infrastructure", "src\Modules\Identity\Identity.Infrastructure\Identity.Infrastructure.csproj", "{8ED95AD9-DAEF-4C69-9ECD-3C5925D322E3}"
EndProject
Project("{2150E333-8FDC-42A3-9474-1A3956D46DE8}") = "Interview", "Interview", "{4BAA50E4-F35A-81F5-C193-4E0505361EBA}"
EndProject
Project("{FAE04EC0-301F-11D3-BF4B-00C04F79EFBC}") = "Interview.Application", "src\Modules\Interview\Interview.Application\Interview.Application.csproj", "{370EB657-B9C0-4495-85C5-477D0A79F628}"
EndProject
Project("{FAE04EC0-301F-11D3-BF4B-00C04F79EFBC}") = "Interview.Domain", "src\Modules\Interview\Interview.Domain\Interview.Domain.csproj", "{CD8C513A-4018-478A-8C0C-AD994320CCCB}"
EndProject
Project("{FAE04EC0-301F-11D3-BF4B-00C04F79EFBC}") = "Interview.Infrastructure", "src\Modules\Interview\Interview.Infrastructure\Interview.Infrastructure.csproj", "{9D338682-311F-4880-8B43-48B7DCD1C0C9}"
EndProject
Project("{2150E333-8FDC-42A3-9474-1A3956D46DE8}") = "Notification", "Notification", "{4F8133DB-A301-0A1E-3DDE-929E67CC9B96}"
EndProject
Project("{FAE04EC0-301F-11D3-BF4B-00C04F79EFBC}") = "Notification.Application", "src\Modules\Notification\Notification.Application\Notification.Application.csproj", "{57EF6286-1D58-4413-9629-D7FFA18E7AD6}"
EndProject
Project("{FAE04EC0-301F-11D3-BF4B-00C04F79EFBC}") = "Notification.Domain", "src\Modules\Notification\Notification.Domain\Notification.Domain.csproj", "{E3398E49-EE75-4ECD-A8D4-D7F4EC01B014}"
EndProject
Project("{FAE04EC0-301F-11D3-BF4B-00C04F79EFBC}") = "Notification.Infrastructure", "src\Modules\Notification\Notification.Infrastructure\Notification.Infrastructure.csproj", "{B62E64C5-1ED3-42A5-840D-8A15437A9F37}"
EndProject
Project("{2150E333-8FDC-42A3-9474-1A3956D46DE8}") = "Recruitment", "Recruitment", "{76653597-1E39-8C23-6724-BC1D876210FA}"
EndProject
Project("{FAE04EC0-301F-11D3-BF4B-00C04F79EFBC}") = "Recruitment.Application", "src\Modules\Recruitment\Recruitment.Application\Recruitment.Application.csproj", "{E4A2992D-7991-4B01-B04B-726816A76366}"
EndProject
Project("{FAE04EC0-301F-11D3-BF4B-00C04F79EFBC}") = "Recruitment.Domain", "src\Modules\Recruitment\Recruitment.Domain\Recruitment.Domain.csproj", "{44318D4C-E671-44AF-8A18-6E30672A8721}"
EndProject
Project("{FAE04EC0-301F-11D3-BF4B-00C04F79EFBC}") = "Recruitment.Infrastructure", "src\Modules\Recruitment\Recruitment.Infrastructure\Recruitment.Infrastructure.csproj", "{27394A13-CFF7-4B3E-9117-A363A07C8DD4}"
EndProject
Project("{2150E333-8FDC-42A3-9474-1A3956D46DE8}") = "Shared", "Shared", "{C8E42992-5E42-0C2B-DBFE-AA848D06431C}"
EndProject
Project("{FAE04EC0-301F-11D3-BF4B-00C04F79EFBC}") = "TalentIQ.Shared.Kernel", "src\Shared\TalentIQ.Shared.Kernel\TalentIQ.Shared.Kernel.csproj", "{1714815E-A4EA-47B7-9CD9-9B7CD14FA384}"
EndProject
Project("{FAE04EC0-301F-11D3-BF4B-00C04F79EFBC}") = "TalentIQ.Api", "src\TalentIQ.Api\TalentIQ.Api.csproj", "{34ACD3FB-98AC-4D77-A709-697344E2011E}"
EndProject
Global
	GlobalSection(SolutionConfigurationPlatforms) = preSolution
		Debug|Any CPU = Debug|Any CPU
		Debug|x64 = Debug|x64
		Debug|x86 = Debug|x86
		Release|Any CPU = Release|Any CPU
		Release|x64 = Release|x64
		Release|x86 = Release|x86
	EndGlobalSection
	GlobalSection(ProjectConfigurationPlatforms) = postSolution
		{B399985E-F53F-418A-B51E-02E3C4854865}.Debug|Any CPU.ActiveCfg = Debug|Any CPU
		{B399985E-F53F-418A-B51E-02E3C4854865}.Debug|Any CPU.Build.0 = Debug|Any CPU
		{B399985E-F53F-418A-B51E-02E3C4854865}.Debug|x64.ActiveCfg = Debug|Any CPU
		{B399985E-F53F-418A-B51E-02E3C4854865}.Debug|x64.Build.0 = Debug|Any CPU
		{B399985E-F53F-418A-B51E-02E3C4854865}.Debug|x86.ActiveCfg = Debug|Any CPU
		{B399985E-F53F-418A-B51E-02E3C4854865}.Debug|x86.Build.0 = Debug|Any CPU
		{B399985E-F53F-418A-B51E-02E3C4854865}.Release|Any CPU.ActiveCfg = Release|Any CPU
		{B399985E-F53F-418A-B51E-02E3C4854865}.Release|Any CPU.Build.0 = Release|Any CPU
		{B399985E-F53F-418A-B51E-02E3C4854865}.Release|x64.ActiveCfg = Release|Any CPU
		{B399985E-F53F-418A-B51E-02E3C4854865}.Release|x64.Build.0 = Release|Any CPU
		{B399985E-F53F-418A-B51E-02E3C4854865}.Release|x86.ActiveCfg = Release|Any CPU
		{B399985E-F53F-418A-B51E-02E3C4854865}.Release|x86.Build.0 = Release|Any CPU
		{58E4ADD4-4918-4497-ADB1-42A6FE4ABA38}.Debug|Any CPU.ActiveCfg = Debug|Any CPU
		{58E4ADD4-4918-4497-ADB1-42A6FE4ABA38}.Debug|Any CPU.Build.0 = Debug|Any CPU
		{58E4ADD4-4918-4497-ADB1-42A6FE4ABA38}.Debug|x64.ActiveCfg = Debug|Any CPU
		{58E4ADD4-4918-4497-ADB1-42A6FE4ABA38}.Debug|x64.Build.0 = Debug|Any CPU
		{58E4ADD4-4918-4497-ADB1-42A6FE4ABA38}.Debug|x86.ActiveCfg = Debug|Any CPU
		{58E4ADD4-4918-4497-ADB1-42A6FE4ABA38}.Debug|x86.Build.0 = Debug|Any CPU
		{58E4ADD4-4918-4497-ADB1-42A6FE4ABA38}.Release|Any CPU.ActiveCfg = Release|Any CPU
		{58E4ADD4-4918-4497-ADB1-42A6FE4ABA38}.Release|Any CPU.Build.0 = Release|Any CPU
		{58E4ADD4-4918-4497-ADB1-42A6FE4ABA38}.Release|x64.ActiveCfg = Release|Any CPU
		{58E4ADD4-4918-4497-ADB1-42A6FE4ABA38}.Release|x64.Build.0 = Release|Any CPU
		{58E4ADD4-4918-4497-ADB1-42A6FE4ABA38}.Release|x86.ActiveCfg = Release|Any CPU
		{58E4ADD4-4918-4497-ADB1-42A6FE4ABA38}.Release|x86.Build.0 = Release|Any CPU
		{F3936D63-3128-4905-AFB8-A0CEB2FAB573}.Debug|Any CPU.ActiveCfg = Debug|Any CPU
		{F3936D63-3128-4905-AFB8-A0CEB2FAB573}.Debug|Any CPU.Build.0 = Debug|Any CPU
		{F3936D63-3128-4905-AFB8-A0CEB2FAB573}.Debug|x64.ActiveCfg = Debug|Any CPU
		{F3936D63-3128-4905-AFB8-A0CEB2FAB573}.Debug|x64.Build.0 = Debug|Any CPU
		{F3936D63-3128-4905-AFB8-A0CEB2FAB573}.Debug|x86.ActiveCfg = Debug|Any CPU
		{F3936D63-3128-4905-AFB8-A0CEB2FAB573}.Debug|x86.Build.0 = Debug|Any CPU
		{F3936D63-3128-4905-AFB8-A0CEB2FAB573}.Release|Any CPU.ActiveCfg = Release|Any CPU
		{F3936D63-3128-4905-AFB8-A0CEB2FAB573}.Release|Any CPU.Build.0 = Release|Any CPU
		{F3936D63-3128-4905-AFB8-A0CEB2FAB573}.Release|x64.ActiveCfg = Release|Any CPU
		{F3936D63-3128-4905-AFB8-A0CEB2FAB573}.Release|x64.Build.0 = Release|Any CPU
		{F3936D63-3128-4905-AFB8-A0CEB2FAB573}.Release|x86.ActiveCfg = Release|Any CPU
		{F3936D63-3128-4905-AFB8-A0CEB2FAB573}.Release|x86.Build.0 = Release|Any CPU
		{C8ACE04D-B826-488C-93AF-1662EABE5214}.Debug|Any CPU.ActiveCfg = Debug|Any CPU
		{C8ACE04D-B826-488C-93AF-1662EABE5214}.Debug|Any CPU.Build.0 = Debug|Any CPU
		{C8ACE04D-B826-488C-93AF-1662EABE5214}.Debug|x64.ActiveCfg = Debug|Any CPU
		{C8ACE04D-B826-488C-93AF-1662EABE5214}.Debug|x64.Build.0 = Debug|Any CPU
		{C8ACE04D-B826-488C-93AF-1662EABE5214}.Debug|x86.ActiveCfg = Debug|Any CPU
		{C8ACE04D-B826-488C-93AF-1662EABE5214}.Debug|x86.Build.0 = Debug|Any CPU
		{C8ACE04D-B826-488C-93AF-1662EABE5214}.Release|Any CPU.ActiveCfg = Release|Any CPU
		{C8ACE04D-B826-488C-93AF-1662EABE5214}.Release|Any CPU.Build.0 = Release|Any CPU
		{C8ACE04D-B826-488C-93AF-1662EABE5214}.Release|x64.ActiveCfg = Release|Any CPU
		{C8ACE04D-B826-488C-93AF-1662EABE5214}.Release|x64.Build.0 = Release|Any CPU
		{C8ACE04D-B826-488C-93AF-1662EABE5214}.Release|x86.ActiveCfg = Release|Any CPU
		{C8ACE04D-B826-488C-93AF-1662EABE5214}.Release|x86.Build.0 = Release|Any CPU
		{C21F157A-7BC2-48D7-906C-67CE77FD60E3}.Debug|Any CPU.ActiveCfg = Debug|Any CPU
		{C21F157A-7BC2-48D7-906C-67CE77FD60E3}.Debug|Any CPU.Build.0 = Debug|Any CPU
		{C21F157A-7BC2-48D7-906C-67CE77FD60E3}.Debug|x64.ActiveCfg = Debug|Any CPU
		{C21F157A-7BC2-48D7-906C-67CE77FD60E3}.Debug|x64.Build.0 = Debug|Any CPU
		{C21F157A-7BC2-48D7-906C-67CE77FD60E3}.Debug|x86.ActiveCfg = Debug|Any CPU
		{C21F157A-7BC2-48D7-906C-67CE77FD60E3}.Debug|x86.Build.0 = Debug|Any CPU
		{C21F157A-7BC2-48D7-906C-67CE77FD60E3}.Release|Any CPU.ActiveCfg = Release|Any CPU
		{C21F157A-7BC2-48D7-906C-67CE77FD60E3}.Release|Any CPU.Build.0 = Release|Any CPU
		{C21F157A-7BC2-48D7-906C-67CE77FD60E3}.Release|x64.ActiveCfg = Release|Any CPU
		{C21F157A-7BC2-48D7-906C-67CE77FD60E3}.Release|x64.Build.0 = Release|Any CPU
		{C21F157A-7BC2-48D7-906C-67CE77FD60E3}.Release|x86.ActiveCfg = Release|Any CPU
		{C21F157A-7BC2-48D7-906C-67CE77FD60E3}.Release|x86.Build.0 = Release|Any CPU
		{8953F003-DDC1-406C-BC25-EC8F488F96B6}.Debug|Any CPU.ActiveCfg = Debug|Any CPU
		{8953F003-DDC1-406C-BC25-EC8F488F96B6}.Debug|Any CPU.Build.0 = Debug|Any CPU
		{8953F003-DDC1-406C-BC25-EC8F488F96B6}.Debug|x64.ActiveCfg = Debug|Any CPU
		{8953F003-DDC1-406C-BC25-EC8F488F96B6}.Debug|x64.Build.0 = Debug|Any CPU
		{8953F003-DDC1-406C-BC25-EC8F488F96B6}.Debug|x86.ActiveCfg = Debug|Any CPU
		{8953F003-DDC1-406C-BC25-EC8F488F96B6}.Debug|x86.Build.0 = Debug|Any CPU
		{8953F003-DDC1-406C-BC25-EC8F488F96B6}.Release|Any CPU.ActiveCfg = Release|Any CPU
		{8953F003-DDC1-406C-BC25-EC8F488F96B6}.Release|Any CPU.Build.0 = Release|Any CPU
		{8953F003-DDC1-406C-BC25-EC8F488F96B6}.Release|x64.ActiveCfg = Release|Any CPU
		{8953F003-DDC1-406C-BC25-EC8F488F96B6}.Release|x64.Build.0 = Release|Any CPU
		{8953F003-DDC1-406C-BC25-EC8F488F96B6}.Release|x86.ActiveCfg = Release|Any CPU
		{8953F003-DDC1-406C-BC25-EC8F488F96B6}.Release|x86.Build.0 = Release|Any CPU
		{DE646271-EC1D-4027-9154-E01AA9C09829}.Debug|Any CPU.ActiveCfg = Debug|Any CPU
		{DE646271-EC1D-4027-9154-E01AA9C09829}.Debug|Any CPU.Build.0 = Debug|Any CPU
		{DE646271-EC1D-4027-9154-E01AA9C09829}.Debug|x64.ActiveCfg = Debug|Any CPU
		{DE646271-EC1D-4027-9154-E01AA9C09829}.Debug|x64.Build.0 = Debug|Any CPU
		{DE646271-EC1D-4027-9154-E01AA9C09829}.Debug|x86.ActiveCfg = Debug|Any CPU
		{DE646271-EC1D-4027-9154-E01AA9C09829}.Debug|x86.Build.0 = Debug|Any CPU
		{DE646271-EC1D-4027-9154-E01AA9C09829}.Release|Any CPU.ActiveCfg = Release|Any CPU
		{DE646271-EC1D-4027-9154-E01AA9C09829}.Release|Any CPU.Build.0 = Release|Any CPU
		{DE646271-EC1D-4027-9154-E01AA9C09829}.Release|x64.ActiveCfg = Release|Any CPU
		{DE646271-EC1D-4027-9154-E01AA9C09829}.Release|x64.Build.0 = Release|Any CPU
		{DE646271-EC1D-4027-9154-E01AA9C09829}.Release|x86.ActiveCfg = Release|Any CPU
		{DE646271-EC1D-4027-9154-E01AA9C09829}.Release|x86.Build.0 = Release|Any CPU
		{B82AD3C8-D2DC-4A9F-BF4A-38C9314EB8D3}.Debug|Any CPU.ActiveCfg = Debug|Any CPU
		{B82AD3C8-D2DC-4A9F-BF4A-38C9314EB8D3}.Debug|Any CPU.Build.0 = Debug|Any CPU
		{B82AD3C8-D2DC-4A9F-BF4A-38C9314EB8D3}.Debug|x64.ActiveCfg = Debug|Any CPU
		{B82AD3C8-D2DC-4A9F-BF4A-38C9314EB8D3}.Debug|x64.Build.0 = Debug|Any CPU
		{B82AD3C8-D2DC-4A9F-BF4A-38C9314EB8D3}.Debug|x86.ActiveCfg = Debug|Any CPU
		{B82AD3C8-D2DC-4A9F-BF4A-38C9314EB8D3}.Debug|x86.Build.0 = Debug|Any CPU
		{B82AD3C8-D2DC-4A9F-BF4A-38C9314EB8D3}.Release|Any CPU.ActiveCfg = Release|Any CPU
		{B82AD3C8-D2DC-4A9F-BF4A-38C9314EB8D3}.Release|Any CPU.Build.0 = Release|Any CPU
		{B82AD3C8-D2DC-4A9F-BF4A-38C9314EB8D3}.Release|x64.ActiveCfg = Release|Any CPU
		{B82AD3C8-D2DC-4A9F-BF4A-38C9314EB8D3}.Release|x64.Build.0 = Release|Any CPU
		{B82AD3C8-D2DC-4A9F-BF4A-38C9314EB8D3}.Release|x86.ActiveCfg = Release|Any CPU
		{B82AD3C8-D2DC-4A9F-BF4A-38C9314EB8D3}.Release|x86.Build.0 = Release|Any CPU
		{F01420EE-A318-4077-9275-2883ACD20F91}.Debug|Any CPU.ActiveCfg = Debug|Any CPU
		{F01420EE-A318-4077-9275-2883ACD20F91}.Debug|Any CPU.Build.0 = Debug|Any CPU
		{F01420EE-A318-4077-9275-2883ACD20F91}.Debug|x64.ActiveCfg = Debug|Any CPU
		{F01420EE-A318-4077-9275-2883ACD20F91}.Debug|x64.Build.0 = Debug|Any CPU
		{F01420EE-A318-4077-9275-2883ACD20F91}.Debug|x86.ActiveCfg = Debug|Any CPU
		{F01420EE-A318-4077-9275-2883ACD20F91}.Debug|x86.Build.0 = Debug|Any CPU
		{F01420EE-A318-4077-9275-2883ACD20F91}.Release|Any CPU.ActiveCfg = Release|Any CPU
		{F01420EE-A318-4077-9275-2883ACD20F91}.Release|Any CPU.Build.0 = Release|Any CPU
		{F01420EE-A318-4077-9275-2883ACD20F91}.Release|x64.ActiveCfg = Release|Any CPU
		{F01420EE-A318-4077-9275-2883ACD20F91}.Release|x64.Build.0 = Release|Any CPU
		{F01420EE-A318-4077-9275-2883ACD20F91}.Release|x86.ActiveCfg = Release|Any CPU
		{F01420EE-A318-4077-9275-2883ACD20F91}.Release|x86.Build.0 = Release|Any CPU
		{6C9F2BAC-F8A8-4717-8063-2CC3ACCF7C15}.Debug|Any CPU.ActiveCfg = Debug|Any CPU
		{6C9F2BAC-F8A8-4717-8063-2CC3ACCF7C15}.Debug|Any CPU.Build.0 = Debug|Any CPU
		{6C9F2BAC-F8A8-4717-8063-2CC3ACCF7C15}.Debug|x64.ActiveCfg = Debug|Any CPU
		{6C9F2BAC-F8A8-4717-8063-2CC3ACCF7C15}.Debug|x64.Build.0 = Debug|Any CPU
		{6C9F2BAC-F8A8-4717-8063-2CC3ACCF7C15}.Debug|x86.ActiveCfg = Debug|Any CPU
		{6C9F2BAC-F8A8-4717-8063-2CC3ACCF7C15}.Debug|x86.Build.0 = Debug|Any CPU
		{6C9F2BAC-F8A8-4717-8063-2CC3ACCF7C15}.Release|Any CPU.ActiveCfg = Release|Any CPU
		{6C9F2BAC-F8A8-4717-8063-2CC3ACCF7C15}.Release|Any CPU.Build.0 = Release|Any CPU
		{6C9F2BAC-F8A8-4717-8063-2CC3ACCF7C15}.Release|x64.ActiveCfg = Release|Any CPU
		{6C9F2BAC-F8A8-4717-8063-2CC3ACCF7C15}.Release|x64.Build.0 = Release|Any CPU
		{6C9F2BAC-F8A8-4717-8063-2CC3ACCF7C15}.Release|x86.ActiveCfg = Release|Any CPU
		{6C9F2BAC-F8A8-4717-8063-2CC3ACCF7C15}.Release|x86.Build.0 = Release|Any CPU
		{097217E9-14DB-4562-A998-4B03972F5FD1}.Debug|Any CPU.ActiveCfg = Debug|Any CPU
		{097217E9-14DB-4562-A998-4B03972F5FD1}.Debug|Any CPU.Build.0 = Debug|Any CPU
		{097217E9-14DB-4562-A998-4B03972F5FD1}.Debug|x64.ActiveCfg = Debug|Any CPU
		{097217E9-14DB-4562-A998-4B03972F5FD1}.Debug|x64.Build.0 = Debug|Any CPU
		{097217E9-14DB-4562-A998-4B03972F5FD1}.Debug|x86.ActiveCfg = Debug|Any CPU
		{097217E9-14DB-4562-A998-4B03972F5FD1}.Debug|x86.Build.0 = Debug|Any CPU
		{097217E9-14DB-4562-A998-4B03972F5FD1}.Release|Any CPU.ActiveCfg = Release|Any CPU
		{097217E9-14DB-4562-A998-4B03972F5FD1}.Release|Any CPU.Build.0 = Release|Any CPU
		{097217E9-14DB-4562-A998-4B03972F5FD1}.Release|x64.ActiveCfg = Release|Any CPU
		{097217E9-14DB-4562-A998-4B03972F5FD1}.Release|x64.Build.0 = Release|Any CPU
		{097217E9-14DB-4562-A998-4B03972F5FD1}.Release|x86.ActiveCfg = Release|Any CPU
		{097217E9-14DB-4562-A998-4B03972F5FD1}.Release|x86.Build.0 = Release|Any CPU
		{8ED95AD9-DAEF-4C69-9ECD-3C5925D322E3}.Debug|Any CPU.ActiveCfg = Debug|Any CPU
		{8ED95AD9-DAEF-4C69-9ECD-3C5925D322E3}.Debug|Any CPU.Build.0 = Debug|Any CPU
		{8ED95AD9-DAEF-4C69-9ECD-3C5925D322E3}.Debug|x64.ActiveCfg = Debug|Any CPU
		{8ED95AD9-DAEF-4C69-9ECD-3C5925D322E3}.Debug|x64.Build.0 = Debug|Any CPU
		{8ED95AD9-DAEF-4C69-9ECD-3C5925D322E3}.Debug|x86.ActiveCfg = Debug|Any CPU
		{8ED95AD9-DAEF-4C69-9ECD-3C5925D322E3}.Debug|x86.Build.0 = Debug|Any CPU
		{8ED95AD9-DAEF-4C69-9ECD-3C5925D322E3}.Release|Any CPU.ActiveCfg = Release|Any CPU
		{8ED95AD9-DAEF-4C69-9ECD-3C5925D322E3}.Release|Any CPU.Build.0 = Release|Any CPU
		{8ED95AD9-DAEF-4C69-9ECD-3C5925D322E3}.Release|x64.ActiveCfg = Release|Any CPU
		{8ED95AD9-DAEF-4C69-9ECD-3C5925D322E3}.Release|x64.Build.0 = Release|Any CPU
		{8ED95AD9-DAEF-4C69-9ECD-3C5925D322E3}.Release|x86.ActiveCfg = Release|Any CPU
		{8ED95AD9-DAEF-4C69-9ECD-3C5925D322E3}.Release|x86.Build.0 = Release|Any CPU
		{370EB657-B9C0-4495-85C5-477D0A79F628}.Debug|Any CPU.ActiveCfg = Debug|Any CPU
		{370EB657-B9C0-4495-85C5-477D0A79F628}.Debug|Any CPU.Build.0 = Debug|Any CPU
		{370EB657-B9C0-4495-85C5-477D0A79F628}.Debug|x64.ActiveCfg = Debug|Any CPU
		{370EB657-B9C0-4495-85C5-477D0A79F628}.Debug|x64.Build.0 = Debug|Any CPU
		{370EB657-B9C0-4495-85C5-477D0A79F628}.Debug|x86.ActiveCfg = Debug|Any CPU
		{370EB657-B9C0-4495-85C5-477D0A79F628}.Debug|x86.Build.0 = Debug|Any CPU
		{370EB657-B9C0-4495-85C5-477D0A79F628}.Release|Any CPU.ActiveCfg = Release|Any CPU
		{370EB657-B9C0-4495-85C5-477D0A79F628}.Release|Any CPU.Build.0 = Release|Any CPU
		{370EB657-B9C0-4495-85C5-477D0A79F628}.Release|x64.ActiveCfg = Release|Any CPU
		{370EB657-B9C0-4495-85C5-477D0A79F628}.Release|x64.Build.0 = Release|Any CPU
		{370EB657-B9C0-4495-85C5-477D0A79F628}.Release|x86.ActiveCfg = Release|Any CPU
		{370EB657-B9C0-4495-85C5-477D0A79F628}.Release|x86.Build.0 = Release|Any CPU
		{CD8C513A-4018-478A-8C0C-AD994320CCCB}.Debug|Any CPU.ActiveCfg = Debug|Any CPU
		{CD8C513A-4018-478A-8C0C-AD994320CCCB}.Debug|Any CPU.Build.0 = Debug|Any CPU
		{CD8C513A-4018-478A-8C0C-AD994320CCCB}.Debug|x64.ActiveCfg = Debug|Any CPU
		{CD8C513A-4018-478A-8C0C-AD994320CCCB}.Debug|x64.Build.0 = Debug|Any CPU
		{CD8C513A-4018-478A-8C0C-AD994320CCCB}.Debug|x86.ActiveCfg = Debug|Any CPU
		{CD8C513A-4018-478A-8C0C-AD994320CCCB}.Debug|x86.Build.0 = Debug|Any CPU
		{CD8C513A-4018-478A-8C0C-AD994320CCCB}.Release|Any CPU.ActiveCfg = Release|Any CPU
		{CD8C513A-4018-478A-8C0C-AD994320CCCB}.Release|Any CPU.Build.0 = Release|Any CPU
		{CD8C513A-4018-478A-8C0C-AD994320CCCB}.Release|x64.ActiveCfg = Release|Any CPU
		{CD8C513A-4018-478A-8C0C-AD994320CCCB}.Release|x64.Build.0 = Release|Any CPU
		{CD8C513A-4018-478A-8C0C-AD994320CCCB}.Release|x86.ActiveCfg = Release|Any CPU
		{CD8C513A-4018-478A-8C0C-AD994320CCCB}.Release|x86.Build.0 = Release|Any CPU
		{9D338682-311F-4880-8B43-48B7DCD1C0C9}.Debug|Any CPU.ActiveCfg = Debug|Any CPU
		{9D338682-311F-4880-8B43-48B7DCD1C0C9}.Debug|Any CPU.Build.0 = Debug|Any CPU
		{9D338682-311F-4880-8B43-48B7DCD1C0C9}.Debug|x64.ActiveCfg = Debug|Any CPU
		{9D338682-311F-4880-8B43-48B7DCD1C0C9}.Debug|x64.Build.0 = Debug|Any CPU
		{9D338682-311F-4880-8B43-48B7DCD1C0C9}.Debug|x86.ActiveCfg = Debug|Any CPU
		{9D338682-311F-4880-8B43-48B7DCD1C0C9}.Debug|x86.Build.0 = Debug|Any CPU
		{9D338682-311F-4880-8B43-48B7DCD1C0C9}.Release|Any CPU.ActiveCfg = Release|Any CPU
		{9D338682-311F-4880-8B43-48B7DCD1C0C9}.Release|Any CPU.Build.0 = Release|Any CPU
		{9D338682-311F-4880-8B43-48B7DCD1C0C9}.Release|x64.ActiveCfg = Release|Any CPU
		{9D338682-311F-4880-8B43-48B7DCD1C0C9}.Release|x64.Build.0 = Release|Any CPU
		{9D338682-311F-4880-8B43-48B7DCD1C0C9}.Release|x86.ActiveCfg = Release|Any CPU
		{9D338682-311F-4880-8B43-48B7DCD1C0C9}.Release|x86.Build.0 = Release|Any CPU
		{57EF6286-1D58-4413-9629-D7FFA18E7AD6}.Debug|Any CPU.ActiveCfg = Debug|Any CPU
		{57EF6286-1D58-4413-9629-D7FFA18E7AD6}.Debug|Any CPU.Build.0 = Debug|Any CPU
		{57EF6286-1D58-4413-9629-D7FFA18E7AD6}.Debug|x64.ActiveCfg = Debug|Any CPU
		{57EF6286-1D58-4413-9629-D7FFA18E7AD6}.Debug|x64.Build.0 = Debug|Any CPU
		{57EF6286-1D58-4413-9629-D7FFA18E7AD6}.Debug|x86.ActiveCfg = Debug|Any CPU
		{57EF6286-1D58-4413-9629-D7FFA18E7AD6}.Debug|x86.Build.0 = Debug|Any CPU
		{57EF6286-1D58-4413-9629-D7FFA18E7AD6}.Release|Any CPU.ActiveCfg = Release|Any CPU
		{57EF6286-1D58-4413-9629-D7FFA18E7AD6}.Release|Any CPU.Build.0 = Release|Any CPU
		{57EF6286-1D58-4413-9629-D7FFA18E7AD6}.Release|x64.ActiveCfg = Release|Any CPU
		{57EF6286-1D58-4413-9629-D7FFA18E7AD6}.Release|x64.Build.0 = Release|Any CPU
		{57EF6286-1D58-4413-9629-D7FFA18E7AD6}.Release|x86.ActiveCfg = Release|Any CPU
		{57EF6286-1D58-4413-9629-D7FFA18E7AD6}.Release|x86.Build.0 = Release|Any CPU
		{E3398E49-EE75-4ECD-A8D4-D7F4EC01B014}.Debug|Any CPU.ActiveCfg = Debug|Any CPU
		{E3398E49-EE75-4ECD-A8D4-D7F4EC01B014}.Debug|Any CPU.Build.0 = Debug|Any CPU
		{E3398E49-EE75-4ECD-A8D4-D7F4EC01B014}.Debug|x64.ActiveCfg = Debug|Any CPU
		{E3398E49-EE75-4ECD-A8D4-D7F4EC01B014}.Debug|x64.Build.0 = Debug|Any CPU
		{E3398E49-EE75-4ECD-A8D4-D7F4EC01B014}.Debug|x86.ActiveCfg = Debug|Any CPU
		{E3398E49-EE75-4ECD-A8D4-D7F4EC01B014}.Debug|x86.Build.0 = Debug|Any CPU
		{E3398E49-EE75-4ECD-A8D4-D7F4EC01B014}.Release|Any CPU.ActiveCfg = Release|Any CPU
		{E3398E49-EE75-4ECD-A8D4-D7F4EC01B014}.Release|Any CPU.Build.0 = Release|Any CPU
		{E3398E49-EE75-4ECD-A8D4-D7F4EC01B014}.Release|x64.ActiveCfg = Release|Any CPU
		{E3398E49-EE75-4ECD-A8D4-D7F4EC01B014}.Release|x64.Build.0 = Release|Any CPU
		{E3398E49-EE75-4ECD-A8D4-D7F4EC01B014}.Release|x86.ActiveCfg = Release|Any CPU
		{E3398E49-EE75-4ECD-A8D4-D7F4EC01B014}.Release|x86.Build.0 = Release|Any CPU
		{B62E64C5-1ED3-42A5-840D-8A15437A9F37}.Debug|Any CPU.ActiveCfg = Debug|Any CPU
		{B62E64C5-1ED3-42A5-840D-8A15437A9F37}.Debug|Any CPU.Build.0 = Debug|Any CPU
		{B62E64C5-1ED3-42A5-840D-8A15437A9F37}.Debug|x64.ActiveCfg = Debug|Any CPU
		{B62E64C5-1ED3-42A5-840D-8A15437A9F37}.Debug|x64.Build.0 = Debug|Any CPU
		{B62E64C5-1ED3-42A5-840D-8A15437A9F37}.Debug|x86.ActiveCfg = Debug|Any CPU
		{B62E64C5-1ED3-42A5-840D-8A15437A9F37}.Debug|x86.Build.0 = Debug|Any CPU
		{B62E64C5-1ED3-42A5-840D-8A15437A9F37}.Release|Any CPU.ActiveCfg = Release|Any CPU
		{B62E64C5-1ED3-42A5-840D-8A15437A9F37}.Release|Any CPU.Build.0 = Release|Any CPU
		{B62E64C5-1ED3-42A5-840D-8A15437A9F37}.Release|x64.ActiveCfg = Release|Any CPU
		{B62E64C5-1ED3-42A5-840D-8A15437A9F37}.Release|x64.Build.0 = Release|Any CPU
		{B62E64C5-1ED3-42A5-840D-8A15437A9F37}.Release|x86.ActiveCfg = Release|Any CPU
		{B62E64C5-1ED3-42A5-840D-8A15437A9F37}.Release|x86.Build.0 = Release|Any CPU
		{E4A2992D-7991-4B01-B04B-726816A76366}.Debug|Any CPU.ActiveCfg = Debug|Any CPU
		{E4A2992D-7991-4B01-B04B-726816A76366}.Debug|Any CPU.Build.0 = Debug|Any CPU
		{E4A2992D-7991-4B01-B04B-726816A76366}.Debug|x64.ActiveCfg = Debug|Any CPU
		{E4A2992D-7991-4B01-B04B-726816A76366}.Debug|x64.Build.0 = Debug|Any CPU
		{E4A2992D-7991-4B01-B04B-726816A76366}.Debug|x86.ActiveCfg = Debug|Any CPU
		{E4A2992D-7991-4B01-B04B-726816A76366}.Debug|x86.Build.0 = Debug|Any CPU
		{E4A2992D-7991-4B01-B04B-726816A76366}.Release|Any CPU.ActiveCfg = Release|Any CPU
		{E4A2992D-7991-4B01-B04B-726816A76366}.Release|Any CPU.Build.0 = Release|Any CPU
		{E4A2992D-7991-4B01-B04B-726816A76366}.Release|x64.ActiveCfg = Release|Any CPU
		{E4A2992D-7991-4B01-B04B-726816A76366}.Release|x64.Build.0 = Release|Any CPU
		{E4A2992D-7991-4B01-B04B-726816A76366}.Release|x86.ActiveCfg = Release|Any CPU
		{E4A2992D-7991-4B01-B04B-726816A76366}.Release|x86.Build.0 = Release|Any CPU
		{44318D4C-E671-44AF-8A18-6E30672A8721}.Debug|Any CPU.ActiveCfg = Debug|Any CPU
		{44318D4C-E671-44AF-8A18-6E30672A8721}.Debug|Any CPU.Build.0 = Debug|Any CPU
		{44318D4C-E671-44AF-8A18-6E30672A8721}.Debug|x64.ActiveCfg = Debug|Any CPU
		{44318D4C-E671-44AF-8A18-6E30672A8721}.Debug|x64.Build.0 = Debug|Any CPU
		{44318D4C-E671-44AF-8A18-6E30672A8721}.Debug|x86.ActiveCfg = Debug|Any CPU
		{44318D4C-E671-44AF-8A18-6E30672A8721}.Debug|x86.Build.0 = Debug|Any CPU
		{44318D4C-E671-44AF-8A18-6E30672A8721}.Release|Any CPU.ActiveCfg = Release|Any CPU
		{44318D4C-E671-44AF-8A18-6E30672A8721}.Release|Any CPU.Build.0 = Release|Any CPU
		{44318D4C-E671-44AF-8A18-6E30672A8721}.Release|x64.ActiveCfg = Release|Any CPU
		{44318D4C-E671-44AF-8A18-6E30672A8721}.Release|x64.Build.0 = Release|Any CPU
		{44318D4C-E671-44AF-8A18-6E30672A8721}.Release|x86.ActiveCfg = Release|Any CPU
		{44318D4C-E671-44AF-8A18-6E30672A8721}.Release|x86.Build.0 = Release|Any CPU
		{27394A13-CFF7-4B3E-9117-A363A07C8DD4}.Debug|Any CPU.ActiveCfg = Debug|Any CPU
		{27394A13-CFF7-4B3E-9117-A363A07C8DD4}.Debug|Any CPU.Build.0 = Debug|Any CPU
		{27394A13-CFF7-4B3E-9117-A363A07C8DD4}.Debug|x64.ActiveCfg = Debug|Any CPU
		{27394A13-CFF7-4B3E-9117-A363A07C8DD4}.Debug|x64.Build.0 = Debug|Any CPU
		{27394A13-CFF7-4B3E-9117-A363A07C8DD4}.Debug|x86.ActiveCfg = Debug|Any CPU
		{27394A13-CFF7-4B3E-9117-A363A07C8DD4}.Debug|x86.Build.0 = Debug|Any CPU
		{27394A13-CFF7-4B3E-9117-A363A07C8DD4}.Release|Any CPU.ActiveCfg = Release|Any CPU
		{27394A13-CFF7-4B3E-9117-A363A07C8DD4}.Release|Any CPU.Build.0 = Release|Any CPU
		{27394A13-CFF7-4B3E-9117-A363A07C8DD4}.Release|x64.ActiveCfg = Release|Any CPU
		{27394A13-CFF7-4B3E-9117-A363A07C8DD4}.Release|x64.Build.0 = Release|Any CPU
		{27394A13-CFF7-4B3E-9117-A363A07C8DD4}.Release|x86.ActiveCfg = Release|Any CPU
		{27394A13-CFF7-4B3E-9117-A363A07C8DD4}.Release|x86.Build.0 = Release|Any CPU
		{1714815E-A4EA-47B7-9CD9-9B7CD14FA384}.Debug|Any CPU.ActiveCfg = Debug|Any CPU
		{1714815E-A4EA-47B7-9CD9-9B7CD14FA384}.Debug|Any CPU.Build.0 = Debug|Any CPU
		{1714815E-A4EA-47B7-9CD9-9B7CD14FA384}.Debug|x64.ActiveCfg = Debug|Any CPU
		{1714815E-A4EA-47B7-9CD9-9B7CD14FA384}.Debug|x64.Build.0 = Debug|Any CPU
		{1714815E-A4EA-47B7-9CD9-9B7CD14FA384}.Debug|x86.ActiveCfg = Debug|Any CPU
		{1714815E-A4EA-47B7-9CD9-9B7CD14FA384}.Debug|x86.Build.0 = Debug|Any CPU
		{1714815E-A4EA-47B7-9CD9-9B7CD14FA384}.Release|Any CPU.ActiveCfg = Release|Any CPU
		{1714815E-A4EA-47B7-9CD9-9B7CD14FA384}.Release|Any CPU.Build.0 = Release|Any CPU
		{1714815E-A4EA-47B7-9CD9-9B7CD14FA384}.Release|x64.ActiveCfg = Release|Any CPU
		{1714815E-A4EA-47B7-9CD9-9B7CD14FA384}.Release|x64.Build.0 = Release|Any CPU
		{1714815E-A4EA-47B7-9CD9-9B7CD14FA384}.Release|x86.ActiveCfg = Release|Any CPU
		{1714815E-A4EA-47B7-9CD9-9B7CD14FA384}.Release|x86.Build.0 = Release|Any CPU
		{34ACD3FB-98AC-4D77-A709-697344E2011E}.Debug|Any CPU.ActiveCfg = Debug|Any CPU
		{34ACD3FB-98AC-4D77-A709-697344E2011E}.Debug|Any CPU.Build.0 = Debug|Any CPU
		{34ACD3FB-98AC-4D77-A709-697344E2011E}.Debug|x64.ActiveCfg = Debug|Any CPU
		{34ACD3FB-98AC-4D77-A709-697344E2011E}.Debug|x64.Build.0 = Debug|Any CPU
		{34ACD3FB-98AC-4D77-A709-697344E2011E}.Debug|x86.ActiveCfg = Debug|Any CPU
		{34ACD3FB-98AC-4D77-A709-697344E2011E}.Debug|x86.Build.0 = Debug|Any CPU
		{34ACD3FB-98AC-4D77-A709-697344E2011E}.Release|Any CPU.ActiveCfg = Release|Any CPU
		{34ACD3FB-98AC-4D77-A709-697344E2011E}.Release|Any CPU.Build.0 = Release|Any CPU
		{34ACD3FB-98AC-4D77-A709-697344E2011E}.Release|x64.ActiveCfg = Release|Any CPU
		{34ACD3FB-98AC-4D77-A709-697344E2011E}.Release|x64.Build.0 = Release|Any CPU
		{34ACD3FB-98AC-4D77-A709-697344E2011E}.Release|x86.ActiveCfg = Release|Any CPU
		{34ACD3FB-98AC-4D77-A709-697344E2011E}.Release|x86.Build.0 = Release|Any CPU
	EndGlobalSection
	GlobalSection(SolutionProperties) = preSolution
		HideSolutionNode = FALSE
	EndGlobalSection
	GlobalSection(NestedProjects) = preSolution
		{EC447DCF-ABFA-6E24-52A5-D7FD48A5C558} = {827E0CD3-B72D-47B6-A68D-7590B98EB39B}
		{BB1D8860-8311-E62E-D03C-503AF4A8C141} = {EC447DCF-ABFA-6E24-52A5-D7FD48A5C558}
		{B399985E-F53F-418A-B51E-02E3C4854865} = {BB1D8860-8311-E62E-D03C-503AF4A8C141}
		{58E4ADD4-4918-4497-ADB1-42A6FE4ABA38} = {BB1D8860-8311-E62E-D03C-503AF4A8C141}
		{F3936D63-3128-4905-AFB8-A0CEB2FAB573} = {BB1D8860-8311-E62E-D03C-503AF4A8C141}
		{DA0A0FAD-B77D-FDD6-35C5-001386650F99} = {EC447DCF-ABFA-6E24-52A5-D7FD48A5C558}
		{C8ACE04D-B826-488C-93AF-1662EABE5214} = {DA0A0FAD-B77D-FDD6-35C5-001386650F99}
		{C21F157A-7BC2-48D7-906C-67CE77FD60E3} = {DA0A0FAD-B77D-FDD6-35C5-001386650F99}
		{8953F003-DDC1-406C-BC25-EC8F488F96B6} = {DA0A0FAD-B77D-FDD6-35C5-001386650F99}
		{184D93D6-32FC-13ED-3F14-6B8C6B0C723B} = {EC447DCF-ABFA-6E24-52A5-D7FD48A5C558}
		{DE646271-EC1D-4027-9154-E01AA9C09829} = {184D93D6-32FC-13ED-3F14-6B8C6B0C723B}
		{B82AD3C8-D2DC-4A9F-BF4A-38C9314EB8D3} = {184D93D6-32FC-13ED-3F14-6B8C6B0C723B}
		{F01420EE-A318-4077-9275-2883ACD20F91} = {184D93D6-32FC-13ED-3F14-6B8C6B0C723B}
		{0EC62A1A-9858-3A60-8A0C-FC9AACFA2EC7} = {EC447DCF-ABFA-6E24-52A5-D7FD48A5C558}
		{6C9F2BAC-F8A8-4717-8063-2CC3ACCF7C15} = {0EC62A1A-9858-3A60-8A0C-FC9AACFA2EC7}
		{097217E9-14DB-4562-A998-4B03972F5FD1} = {0EC62A1A-9858-3A60-8A0C-FC9AACFA2EC7}
		{8ED95AD9-DAEF-4C69-9ECD-3C5925D322E3} = {0EC62A1A-9858-3A60-8A0C-FC9AACFA2EC7}
		{4BAA50E4-F35A-81F5-C193-4E0505361EBA} = {EC447DCF-ABFA-6E24-52A5-D7FD48A5C558}
		{370EB657-B9C0-4495-85C5-477D0A79F628} = {4BAA50E4-F35A-81F5-C193-4E0505361EBA}
		{CD8C513A-4018-478A-8C0C-AD994320CCCB} = {4BAA50E4-F35A-81F5-C193-4E0505361EBA}
		{9D338682-311F-4880-8B43-48B7DCD1C0C9} = {4BAA50E4-F35A-81F5-C193-4E0505361EBA}
		{4F8133DB-A301-0A1E-3DDE-929E67CC9B96} = {EC447DCF-ABFA-6E24-52A5-D7FD48A5C558}
		{57EF6286-1D58-4413-9629-D7FFA18E7AD6} = {4F8133DB-A301-0A1E-3DDE-929E67CC9B96}
		{E3398E49-EE75-4ECD-A8D4-D7F4EC01B014} = {4F8133DB-A301-0A1E-3DDE-929E67CC9B96}
		{B62E64C5-1ED3-42A5-840D-8A15437A9F37} = {4F8133DB-A301-0A1E-3DDE-929E67CC9B96}
		{76653597-1E39-8C23-6724-BC1D876210FA} = {EC447DCF-ABFA-6E24-52A5-D7FD48A5C558}
		{E4A2992D-7991-4B01-B04B-726816A76366} = {76653597-1E39-8C23-6724-BC1D876210FA}
		{44318D4C-E671-44AF-8A18-6E30672A8721} = {76653597-1E39-8C23-6724-BC1D876210FA}
		{27394A13-CFF7-4B3E-9117-A363A07C8DD4} = {76653597-1E39-8C23-6724-BC1D876210FA}
		{C8E42992-5E42-0C2B-DBFE-AA848D06431C} = {827E0CD3-B72D-47B6-A68D-7590B98EB39B}
		{1714815E-A4EA-47B7-9CD9-9B7CD14FA384} = {C8E42992-5E42-0C2B-DBFE-AA848D06431C}
		{34ACD3FB-98AC-4D77-A709-697344E2011E} = {827E0CD3-B72D-47B6-A68D-7590B98EB39B}
	EndGlobalSection
EndGlobal
